Microsoft Visual Studio Solution File, Format Version 12.00
# Visual Studio 14
VisualStudioVersion = 14.0.25420.1
MinimumVisualStudioVersion = 10.0.40219.1
Project("{FAE04EC0-301F-11D3-BF4B-00C04F79EFBC}") = "Com.Sajari.Sdk", "src\Com.Sajari.Sdk\Com.Sajari.Sdk.csproj", "{FC6A9D02-8AE5-40FA-A6D3-96F33287367B}"
EndProject
Project("{FAE04EC0-301F-11D3-BF4B-00C04F79EFBC}") = "Com.Sajari.Sdk.Test", "src\Com.Sajari.Sdk.Test\Com.Sajari.Sdk.Test.csproj", "{19F1DEBC-DE5E-4517-8062-F000CD499087}"
EndProject
Global
	GlobalSection(SolutionConfigurationPlatforms) = preSolution
		Debug|Any CPU = Debug|Any CPU
		Release|Any CPU = Release|Any CPU
	EndGlobalSection
	GlobalSection(ProjectConfigurationPlatforms) = postSolution
		{FC6A9D02-8AE5-40FA-A6D3-96F33287367B}.Debug|Any CPU.ActiveCfg = Debug|Any CPU
		{FC6A9D02-8AE5-40FA-A6D3-96F33287367B}.Debug|Any CPU.Build.0 = Debug|Any CPU
		{FC6A9D02-8AE5-40FA-A6D3-96F33287367B}.Release|Any CPU.ActiveCfg = Release|Any CPU
		{FC6A9D02-8AE5-40FA-A6D3-96F33287367B}.Release|Any CPU.Build.0 = Release|Any CPU
		{19F1DEBC-DE5E-4517-8062-F000CD499087}.Debug|Any CPU.ActiveCfg = Debug|Any CPU
		{19F1DEBC-DE5E-4517-8062-F000CD499087}.Debug|Any CPU.Build.0 = Debug|Any CPU
		{19F1DEBC-DE5E-4517-8062-F000CD499087}.Release|Any CPU.ActiveCfg = Release|Any CPU
		{19F1DEBC-DE5E-4517-8062-F000CD499087}.Release|Any CPU.Build.0 = Release|Any CPU
	EndGlobalSection
	GlobalSection(SolutionProperties) = preSolution
		HideSolutionNode = FALSE
	EndGlobalSection
EndGlobal