
Microsoft Visual Studio Solution File, Format Version 12.00
# Visual Studio 2012
Project("{FAE04EC0-301F-11D3-BF4B-00C04F79EFBC}") = "sajari-sdk-csharp", "sajari-sdk-csharp\sajari-sdk-csharp.csproj", "{8F42F11C-BB30-41C0-B039-FAEA4F307C54}"
EndProject
Project("{FAE04EC0-301F-11D3-BF4B-00C04F79EFBC}") = "pipeline-search", "pipeline-search\pipeline-search.csproj", "{C5800BEF-7ADF-44E5-BB04-1FF7A65E6E38}"
EndProject
Global
	GlobalSection(SolutionConfigurationPlatforms) = preSolution
		Debug|Any CPU = Debug|Any CPU
		Release|Any CPU = Release|Any CPU
	EndGlobalSection
	GlobalSection(ProjectConfigurationPlatforms) = postSolution
		{8F42F11C-BB30-41C0-B039-FAEA4F307C54}.Debug|Any CPU.ActiveCfg = Debug|Any CPU
		{8F42F11C-BB30-41C0-B039-FAEA4F307C54}.Debug|Any CPU.Build.0 = Debug|Any CPU
		{8F42F11C-BB30-41C0-B039-FAEA4F307C54}.Release|Any CPU.ActiveCfg = Release|Any CPU
		{8F42F11C-BB30-41C0-B039-FAEA4F307C54}.Release|Any CPU.Build.0 = Release|Any CPU
		{C5800BEF-7ADF-44E5-BB04-1FF7A65E6E38}.Debug|Any CPU.ActiveCfg = Debug|Any CPU
		{C5800BEF-7ADF-44E5-BB04-1FF7A65E6E38}.Debug|Any CPU.Build.0 = Debug|Any CPU
		{C5800BEF-7ADF-44E5-BB04-1FF7A65E6E38}.Release|Any CPU.ActiveCfg = Release|Any CPU
		{C5800BEF-7ADF-44E5-BB04-1FF7A65E6E38}.Release|Any CPU.Build.0 = Release|Any CPU
	EndGlobalSection
EndGlobal
